
Microsoft Visual Studio Solution File, Format Version 12.00
# Visual Studio Version 17
VisualStudioVersion = 17.6.33815.320
MinimumVisualStudioVersion = 10.0.40219.1
Project("{9A19103F-16F7-4668-BE54-9A1E7A4F7556}") = "Names", "Names.csproj", "{3C86A521-EEA4-4D5F-802A-696328866CEA}"
EndProject
Project("{FAE04EC0-301F-11D3-BF4B-00C04F79EFBC}") = "Data", "..\Data\Data.csproj", "{37C45417-A990-4E33-8814-18D374281FC5}"
EndProject
Global
	GlobalSection(SolutionConfigurationPlatforms) = preSolution
		Debug|Any CPU = Debug|Any CPU
		Release|Any CPU = Release|Any CPU
	EndGlobalSection
	GlobalSection(ProjectConfigurationPlatforms) = postSolution
		{3C86A521-EEA4-4D5F-802A-696328866CEA}.Debug|Any CPU.ActiveCfg = Debug|Any CPU
		{3C86A521-EEA4-4D5F-802A-696328866CEA}.Debug|Any CPU.Build.0 = Debug|Any CPU
		{3C86A521-EEA4-4D5F-802A-696328866CEA}.Release|Any CPU.ActiveCfg = Release|Any CPU
		{3C86A521-EEA4-4D5F-802A-696328866CEA}.Release|Any CPU.Build.0 = Release|Any CPU
		{37C45417-A990-4E33-8814-18D374281FC5}.Debug|Any CPU.ActiveCfg = Debug|Any CPU
		{37C45417-A990-4E33-8814-18D374281FC5}.Debug|Any CPU.Build.0 = Debug|Any CPU
		{37C45417-A990-4E33-8814-18D374281FC5}.Release|Any CPU.ActiveCfg = Release|Any CPU
		{37C45417-A990-4E33-8814-18D374281FC5}.Release|Any CPU.Build.0 = Release|Any CPU
	EndGlobalSection
	GlobalSection(SolutionProperties) = preSolution
		HideSolutionNode = FALSE
	EndGlobalSection
	GlobalSection(ExtensibilityGlobals) = postSolution
		SolutionGuid = {E3392DA1-0E92-4737-B542-E01802902D2C}
	EndGlobalSection
EndGlobal
